
Microsoft Visual Studio Solution File, Format Version 12.00
# Visual Studio Version 16
VisualStudioVersion = 16.0.31624.102
MinimumVisualStudioVersion = 10.0.40219.1
Project("{FAE04EC0-301F-11D3-BF4B-00C04F79EFBC}") = "Exercise1", "Exercise1\Exercise1.csproj", "{715B7003-597E-484C-8584-05BD661A41CA}"
EndProject
Global
	GlobalSection(SolutionConfigurationPlatforms) = preSolution
		Debug|Any CPU = Debug|Any CPU
		Release|Any CPU = Release|Any CPU
	EndGlobalSection
	GlobalSection(ProjectConfigurationPlatforms) = postSolution
		{715B7003-597E-484C-8584-05BD661A41CA}.Debug|Any CPU.ActiveCfg = Debug|Any CPU
		{715B7003-597E-484C-8584-05BD661A41CA}.Debug|Any CPU.Build.0 = Debug|Any CPU
		{715B7003-597E-484C-8584-05BD661A41CA}.Release|Any CPU.ActiveCfg = Release|Any CPU
		{715B7003-597E-484C-8584-05BD661A41CA}.Release|Any CPU.Build.0 = Release|Any CPU
	EndGlobalSection
	GlobalSection(SolutionProperties) = preSolution
		HideSolutionNode = FALSE
	EndGlobalSection
	GlobalSection(ExtensibilityGlobals) = postSolution
		SolutionGuid = {D602B493-20F1-4900-88AA-FC0C27A8F09C}
	EndGlobalSection
EndGlobal
